
Microsoft Visual Studio Solution File, Format Version 12.00
# Visual Studio Version 17
VisualStudioVersion = 17.6.33723.286
MinimumVisualStudioVersion = 10.0.40219.1
Project("{FAE04EC0-301F-11D3-BF4B-00C04F79EFBC}") = "EventFlow", "EventFlow\EventFlow.csproj", "{B2BF6F4F-B125-4C9C-ACF3-FE01B611F1F5}"
EndProject
Global
	GlobalSection(SolutionConfigurationPlatforms) = preSolution
		Debug|Any CPU = Debug|Any CPU
		Release|Any CPU = Release|Any CPU
	EndGlobalSection
	GlobalSection(ProjectConfigurationPlatforms) = postSolution
		{B2BF6F4F-B125-4C9C-ACF3-FE01B611F1F5}.Debug|Any CPU.ActiveCfg = Debug|Any CPU
		{B2BF6F4F-B125-4C9C-ACF3-FE01B611F1F5}.Debug|Any CPU.Build.0 = Debug|Any CPU
		{B2BF6F4F-B125-4C9C-ACF3-FE01B611F1F5}.Release|Any CPU.ActiveCfg = Release|Any CPU
		{B2BF6F4F-B125-4C9C-ACF3-FE01B611F1F5}.Release|Any CPU.Build.0 = Release|Any CPU
	EndGlobalSection
	GlobalSection(SolutionProperties) = preSolution
		HideSolutionNode = FALSE
	EndGlobalSection
	GlobalSection(ExtensibilityGlobals) = postSolution
		SolutionGuid = {52316D28-5FBE-475D-8333-19D8F56AEB5E}
	EndGlobalSection
EndGlobal
